
Microsoft Visual Studio Solution File, Format Version 12.00
# Visual Studio Version 17
VisualStudioVersion = 17.1.32210.238
MinimumVisualStudioVersion = 10.0.40219.1
Project("{FAE04EC0-301F-11D3-BF4B-00C04F79EFBC}") = "DeckOfCards", "DeckOfCards\DeckOfCards.csproj", "{A035A9F7-0DF5-44D9-B7CB-433A39DDC227}"
EndProject
Global
	GlobalSection(SolutionConfigurationPlatforms) = preSolution
		Debug|Any CPU = Debug|Any CPU
		Release|Any CPU = Release|Any CPU
	EndGlobalSection
	GlobalSection(ProjectConfigurationPlatforms) = postSolution
		{A035A9F7-0DF5-44D9-B7CB-433A39DDC227}.Debug|Any CPU.ActiveCfg = Debug|Any CPU
		{A035A9F7-0DF5-44D9-B7CB-433A39DDC227}.Debug|Any CPU.Build.0 = Debug|Any CPU
		{A035A9F7-0DF5-44D9-B7CB-433A39DDC227}.Release|Any CPU.ActiveCfg = Release|Any CPU
		{A035A9F7-0DF5-44D9-B7CB-433A39DDC227}.Release|Any CPU.Build.0 = Release|Any CPU
	EndGlobalSection
	GlobalSection(SolutionProperties) = preSolution
		HideSolutionNode = FALSE
	EndGlobalSection
	GlobalSection(ExtensibilityGlobals) = postSolution
		SolutionGuid = {BEF8F13B-195F-40C6-AB7E-AE2E80EEEFB7}
	EndGlobalSection
EndGlobal
